
Microsoft Visual Studio Solution File, Format Version 12.00
# Visual Studio Version 16
VisualStudioVersion = 16.0.31911.196
MinimumVisualStudioVersion = 10.0.40219.1
Project("{FAE04EC0-301F-11D3-BF4B-00C04F79EFBC}") = "UniTime", "UniTime\UniTime.csproj", "{E37A4D7C-A97D-42CA-9282-0E05AE775F0D}"
EndProject
Global
	GlobalSection(SolutionConfigurationPlatforms) = preSolution
		Debug|Any CPU = Debug|Any CPU
		Release|Any CPU = Release|Any CPU
	EndGlobalSection
	GlobalSection(ProjectConfigurationPlatforms) = postSolution
		{E37A4D7C-A97D-42CA-9282-0E05AE775F0D}.Debug|Any CPU.ActiveCfg = Debug|Any CPU
		{E37A4D7C-A97D-42CA-9282-0E05AE775F0D}.Debug|Any CPU.Build.0 = Debug|Any CPU
		{E37A4D7C-A97D-42CA-9282-0E05AE775F0D}.Release|Any CPU.ActiveCfg = Release|Any CPU
		{E37A4D7C-A97D-42CA-9282-0E05AE775F0D}.Release|Any CPU.Build.0 = Release|Any CPU
	EndGlobalSection
	GlobalSection(SolutionProperties) = preSolution
		HideSolutionNode = FALSE
	EndGlobalSection
	GlobalSection(ExtensibilityGlobals) = postSolution
		SolutionGuid = {B1A15125-19C5-433B-ABE3-7255B00B3D6E}
	EndGlobalSection
EndGlobal
